// !$*UTF8*$!
{
	archiveVersion = 1;
	classes = {
	};
	objectVersion = 56;
	objects = {

/* Begin PBXBuildFile section */
		09BDD12F068978A78A4981E2 /* Pods_MeraGallery.framework in Frameworks */ = {isa = PBXBuildFile; fileRef = 085F8515FE11BE61A4125B47 /* Pods_MeraGallery.framework */; };
		CF233D85291C96A900413D69 /* AppDelegate.swift in Sources */ = {isa = PBXBuildFile; fileRef = CF233D84291C96A900413D69 /* AppDelegate.swift */; };
		CF233D87291C96A900413D69 /* SceneDelegate.swift in Sources */ = {isa = PBXBuildFile; fileRef = CF233D86291C96A900413D69 /* SceneDelegate.swift */; };
		CF233D8C291C96A900413D69 /* Main.storyboard in Resources */ = {isa = PBXBuildFile; fileRef = CF233D8A291C96A900413D69 /* Main.storyboard */; };
		CF233D8E291C96AB00413D69 /* Assets.xcassets in Resources */ = {isa = PBXBuildFile; fileRef = CF233D8D291C96AB00413D69 /* Assets.xcassets */; };
		CF233D91291C96AB00413D69 /* LaunchScreen.storyboard in Resources */ = {isa = PBXBuildFile; fileRef = CF233D8F291C96AB00413D69 /* LaunchScreen.storyboard */; };
		CF233D9E291C994B00413D69 /* GalleryViewController.swift in Sources */ = {isa = PBXBuildFile; fileRef = CF233D9D291C994B00413D69 /* GalleryViewController.swift */; };
		CF233DA1291C9A0F00413D69 /* GalleryCell.swift in Sources */ = {isa = PBXBuildFile; fileRef = CF233D9F291C9A0F00413D69 /* GalleryCell.swift */; };
		CF233DA2291C9A0F00413D69 /* GalleryCell.xib in Resources */ = {isa = PBXBuildFile; fileRef = CF233DA0291C9A0F00413D69 /* GalleryCell.xib */; };
		CF233DA4291CA35D00413D69 /* GalleryModel.swift in Sources */ = {isa = PBXBuildFile; fileRef = CF233DA3291CA35D00413D69 /* GalleryModel.swift */; };
		CF233DAC291E3B2800413D69 /* GalleryContainerCell.swift in Sources */ = {isa = PBXBuildFile; fileRef = CF233DAA291E3B2800413D69 /* GalleryContainerCell.swift */; };
		CF233DAD291E3B2800413D69 /* GalleryContainerCell.xib in Resources */ = {isa = PBXBuildFile; fileRef = CF233DAB291E3B2800413D69 /* GalleryContainerCell.xib */; };
		CF233DAF291F24EC00413D69 /* AppUtils.swift in Sources */ = {isa = PBXBuildFile; fileRef = CF233DAE291F24EC00413D69 /* AppUtils.swift */; };
		CF233DB1291F566200413D69 /* HorizontalPaginationManager.swift in Sources */ = {isa = PBXBuildFile; fileRef = CF233DB0291F566200413D69 /* HorizontalPaginationManager.swift */; };
/* End PBXBuildFile section */

/* Begin PBXFileReference section */
		085F8515FE11BE61A4125B47 /* Pods_MeraGallery.framework */ = {isa = PBXFileReference; explicitFileType = wrapper.framework; includeInIndex = 0; path = Pods_MeraGallery.framework; sourceTree = BUILT_PRODUCTS_DIR; };
		125BBA9F4954AC9E84080535 /* Pods-MeraGallery.debug.xcconfig */ = {isa = PBXFileReference; includeInIndex = 1; lastKnownFileType = text.xcconfig; name = "Pods-MeraGallery.debug.xcconfig"; path = "Target Support Files/Pods-MeraGallery/Pods-MeraGallery.debug.xcconfig"; sourceTree = "<group>"; };
		AF45974F0CD39A6A282C1167 /* Pods-MeraGallery.release.xcconfig */ = {isa = PBXFileReference; includeInIndex = 1; lastKnownFileType = text.xcconfig; name = "Pods-MeraGallery.release.xcconfig"; path = "Target Support Files/Pods-MeraGallery/Pods-MeraGallery.release.xcconfig"; sourceTree = "<group>"; };
		CF233D81291C96A900413D69 /* MeraGallery.app */ = {isa = PBXFileReference; explicitFileType = wrapper.application; includeInIndex = 0; path = MeraGallery.app; sourceTree = BUILT_PRODUCTS_DIR; };
		CF233D84291C96A900413D69 /* AppDelegate.swift */ = {isa = PBXFileReference; lastKnownFileType = sourcecode.swift; path = AppDelegate.swift; sourceTree = "<group>"; };
		CF233D86291C96A900413D69 /* SceneDelegate.swift */ = {isa = PBXFileReference; lastKnownFileType = sourcecode.swift; path = SceneDelegate.swift; sourceTree = "<group>"; };
		CF233D8B291C96A900413D69 /* Base */ = {isa = PBXFileReference; lastKnownFileType = file.storyboard; name = Base; path = Base.lproj/Main.storyboard; sourceTree = "<group>"; };
		CF233D8D291C96AB00413D69 /* Assets.xcassets */ = {isa = PBXFileReference; lastKnownFileType = folder.assetcatalog; path = Assets.xcassets; sourceTree = "<group>"; };
		CF233D90291C96AB00413D69 /* Base */ = {isa = PBXFileReference; lastKnownFileType = file.storyboard; name = Base; path = Base.lproj/LaunchScreen.storyboard; sourceTree = "<group>"; };
		CF233D92291C96AB00413D69 /* Info.plist */ = {isa = PBXFileReference; lastKnownFileType = text.plist.xml; path = Info.plist; sourceTree = "<group>"; };
		CF233D9D291C994B00413D69 /* GalleryViewController.swift */ = {isa = PBXFileReference; lastKnownFileType = sourcecode.swift; path = GalleryViewController.swift; sourceTree = "<group>"; };
		CF233D9F291C9A0F00413D69 /* GalleryCell.swift */ = {isa = PBXFileReference; lastKnownFileType = sourcecode.swift; path = GalleryCell.swift; sourceTree = "<group>"; };
		CF233DA0291C9A0F00413D69 /* GalleryCell.xib */ = {isa = PBXFileReference; lastKnownFileType = file.xib; path = GalleryCell.xib; sourceTree = "<group>"; };
		CF233DA3291CA35D00413D69 /* GalleryModel.swift */ = {isa = PBXFileReference; lastKnownFileType = sourcecode.swift; path = GalleryModel.swift; sourceTree = "<group>"; };
		CF233DAA291E3B2800413D69 /* GalleryContainerCell.swift */ = {isa = PBXFileReference; lastKnownFileType = sourcecode.swift; path = GalleryContainerCell.swift; sourceTree = "<group>"; };
		CF233DAB291E3B2800413D69 /* GalleryContainerCell.xib */ = {isa = PBXFileReference; lastKnownFileType = file.xib; path = GalleryContainerCell.xib; sourceTree = "<group>"; };
		CF233DAE291F24EC00413D69 /* AppUtils.swift */ = {isa = PBXFileReference; lastKnownFileType = sourcecode.swift; path = AppUtils.swift; sourceTree = "<group>"; };
		CF233DB0291F566200413D69 /* HorizontalPaginationManager.swift */ = {isa = PBXFileReference; lastKnownFileType = sourcecode.swift; path = HorizontalPaginationManager.swift; sourceTree = "<group>"; };
/* End PBXFileReference section */

/* Begin PBXFrameworksBuildPhase section */
		CF233D7E291C96A900413D69 /* Frameworks */ = {
			isa = PBXFrameworksBuildPhase;
			buildActionMask = 2147483647;
			files = (
				09BDD12F068978A78A4981E2 /* Pods_MeraGallery.framework in Frameworks */,
			);
			runOnlyForDeploymentPostprocessing = 0;
		};
/* End PBXFrameworksBuildPhase section */

/* Begin PBXGroup section */
		9EB053E94389B4C605B574D2 /* Pods */ = {
			isa = PBXGroup;
			children = (
				125BBA9F4954AC9E84080535 /* Pods-MeraGallery.debug.xcconfig */,
				AF45974F0CD39A6A282C1167 /* Pods-MeraGallery.release.xcconfig */,
			);
			path = Pods;
			sourceTree = "<group>";
		};
		CF233D78291C96A900413D69 = {
			isa = PBXGroup;
			children = (
				CF233D83291C96A900413D69 /* MeraGallery */,
				CF233D82291C96A900413D69 /* Products */,
				9EB053E94389B4C605B574D2 /* Pods */,
				F294E073C1627622634B0A93 /* Frameworks */,
			);
			sourceTree = "<group>";
		};
		CF233D82291C96A900413D69 /* Products */ = {
			isa = PBXGroup;
			children = (
				CF233D81291C96A900413D69 /* MeraGallery.app */,
			);
			name = Products;
			sourceTree = "<group>";
		};
		CF233D83291C96A900413D69 /* MeraGallery */ = {
			isa = PBXGroup;
			children = (
				CF233DA5291CAA8500413D69 /* Utils */,
				CF233D9A291C991300413D69 /* Cores */,
				CF233D99291C98FD00413D69 /* Storyboards */,
				CF233D98291C979100413D69 /* View */,
				CF233D9B291C991E00413D69 /* Model */,
				CF233D9C291C992700413D69 /* ViewControllers */,
				CF233D8D291C96AB00413D69 /* Assets.xcassets */,
				CF233D8F291C96AB00413D69 /* LaunchScreen.storyboard */,
				CF233D92291C96AB00413D69 /* Info.plist */,
			);
			path = MeraGallery;
			sourceTree = "<group>";
		};
		CF233D98291C979100413D69 /* View */ = {
			isa = PBXGroup;
			children = (
				CF233D9F291C9A0F00413D69 /* GalleryCell.swift */,
				CF233DA0291C9A0F00413D69 /* GalleryCell.xib */,
				CF233DAA291E3B2800413D69 /* GalleryContainerCell.swift */,
				CF233DAB291E3B2800413D69 /* GalleryContainerCell.xib */,
			);
			path = View;
			sourceTree = "<group>";
		};
		CF233D99291C98FD00413D69 /* Storyboards */ = {
			isa = PBXGroup;
			children = (
				CF233D8A291C96A900413D69 /* Main.storyboard */,
			);
			path = Storyboards;
			sourceTree = "<group>";
		};
		CF233D9A291C991300413D69 /* Cores */ = {
			isa = PBXGroup;
			children = (
				CF233D84291C96A900413D69 /* AppDelegate.swift */,
				CF233D86291C96A900413D69 /* SceneDelegate.swift */,
			);
			path = Cores;
			sourceTree = "<group>";
		};
		CF233D9B291C991E00413D69 /* Model */ = {
			isa = PBXGroup;
			children = (
				CF233DA3291CA35D00413D69 /* GalleryModel.swift */,
			);
			path = Model;
			sourceTree = "<group>";
		};
		CF233D9C291C992700413D69 /* ViewControllers */ = {
			isa = PBXGroup;
			children = (
				CF233D9D291C994B00413D69 /* GalleryViewController.swift */,
			);
			path = ViewControllers;
			sourceTree = "<group>";
		};
		CF233DA5291CAA8500413D69 /* Utils */ = {
			isa = PBXGroup;
			children = (
				CF233DAE291F24EC00413D69 /* AppUtils.swift */,
				CF233DB0291F566200413D69 /* HorizontalPaginationManager.swift */,
			);
			path = Utils;
			sourceTree = "<group>";
		};
		F294E073C1627622634B0A93 /* Frameworks */ = {
			isa = PBXGroup;
			children = (
				085F8515FE11BE61A4125B47 /* Pods_MeraGallery.framework */,
			);
			name = Frameworks;
			sourceTree = "<group>";
		};
/* End PBXGroup section */

/* Begin PBXNativeTarget section */
		CF233D80291C96A900413D69 /* MeraGallery */ = {
			isa = PBXNativeTarget;
			buildConfigurationList = CF233D95291C96AB00413D69 /* Build configuration list for PBXNativeTarget "MeraGallery" */;
			buildPhases = (
				47B81BA7DE2F09CFE399E978 /* [CP] Check Pods Manifest.lock */,
				CF233D7D291C96A900413D69 /* Sources */,
				CF233D7E291C96A900413D69 /* Frameworks */,
				CF233D7F291C96A900413D69 /* Resources */,
				1E2F5E629B2CC188F0B2138E /* [CP] Embed Pods Frameworks */,
			);
			buildRules = (
			);
			dependencies = (
			);
			name = MeraGallery;
			productName = MeraGallery;
			productReference = CF233D81291C96A900413D69 /* MeraGallery.app */;
			productType = "com.apple.product-type.application";
		};
/* End PBXNativeTarget section */

/* Begin PBXProject section */
		CF233D79291C96A900413D69 /* Project object */ = {
			isa = PBXProject;
			attributes = {
				BuildIndependentTargetsInParallel = 1;
				LastSwiftUpdateCheck = 1400;
				LastUpgradeCheck = 1400;
				TargetAttributes = {
					CF233D80291C96A900413D69 = {
						CreatedOnToolsVersion = 14.0;
					};
				};
			};
			buildConfigurationList = CF233D7C291C96A900413D69 /* Build configuration list for PBXProject "MeraGallery" */;
			compatibilityVersion = "Xcode 14.0";
			developmentRegion = en;
			hasScannedForEncodings = 0;
			knownRegions = (
				en,
				Base,
			);
			mainGroup = CF233D78291C96A900413D69;
			productRefGroup = CF233D82291C96A900413D69 /* Products */;
			projectDirPath = "";
			projectRoot = "";
			targets = (
				CF233D80291C96A900413D69 /* MeraGallery */,
			);
		};
/* End PBXProject section */

/* Begin PBXResourcesBuildPhase section */
		CF233D7F291C96A900413D69 /* Resources */ = {
			isa = PBXResourcesBuildPhase;
			buildActionMask = 2147483647;
			files = (
				CF233DA2291C9A0F00413D69 /* GalleryCell.xib in Resources */,
				CF233D91291C96AB00413D69 /* LaunchScreen.storyboard in Resources */,
				CF233DAD291E3B2800413D69 /* GalleryContainerCell.xib in Resources */,
				CF233D8E291C96AB00413D69 /* Assets.xcassets in Resources */,
				CF233D8C291C96A900413D69 /* Main.storyboard in Resources */,
			);
			runOnlyForDeploymentPostprocessing = 0;
		};
/* End PBXResourcesBuildPhase section */

/* Begin PBXShellScriptBuildPhase section */
		1E2F5E629B2CC188F0B2138E /* [CP] Embed Pods Frameworks */ = {
			isa = PBXShellScriptBuildPhase;
			buildActionMask = 2147483647;
			files = (
			);
			inputFileListPaths = (
				"${PODS_ROOT}/Target Support Files/Pods-MeraGallery/Pods-MeraGallery-frameworks-${CONFIGURATION}-input-files.xcfilelist",
			);
			name = "[CP] Embed Pods Frameworks";
			outputFileListPaths = (
				"${PODS_ROOT}/Target Support Files/Pods-MeraGallery/Pods-MeraGallery-frameworks-${CONFIGURATION}-output-files.xcfilelist",
			);
			runOnlyForDeploymentPostprocessing = 0;
			shellPath = /bin/sh;
			shellScript = "\"${PODS_ROOT}/Target Support Files/Pods-MeraGallery/Pods-MeraGallery-frameworks.sh\"\n";
			showEnvVarsInLog = 0;
		};
		47B81BA7DE2F09CFE399E978 /* [CP] Check Pods Manifest.lock */ = {
			isa = PBXShellScriptBuildPhase;
			buildActionMask = 2147483647;
			files = (
			);
			inputFileListPaths = (
			);
			inputPaths = (
				"${PODS_PODFILE_DIR_PATH}/Podfile.lock",
				"${PODS_ROOT}/Manifest.lock",
			);
			name = "[CP] Check Pods Manifest.lock";
			outputFileListPaths = (
			);
			outputPaths = (
				"$(DERIVED_FILE_DIR)/Pods-MeraGallery-checkManifestLockResult.txt",
			);
			runOnlyForDeploymentPostprocessing = 0;
			shellPath = /bin/sh;
			shellScript = "diff \"${PODS_PODFILE_DIR_PATH}/Podfile.lock\" \"${PODS_ROOT}/Manifest.lock\" > /dev/null\nif [ $? != 0 ] ; then\n    # print error to STDERR\n    echo \"error: The sandbox is not in sync with the Podfile.lock. Run 'pod install' or update your CocoaPods installation.\" >&2\n    exit 1\nfi\n# This output is used by Xcode 'outputs' to avoid re-running this script phase.\necho \"SUCCESS\" > \"${SCRIPT_OUTPUT_FILE_0}\"\n";
			showEnvVarsInLog = 0;
		};
/* End PBXShellScriptBuildPhase section */

/* Begin PBXSourcesBuildPhase section */
		CF233D7D291C96A900413D69 /* Sources */ = {
			isa = PBXSourcesBuildPhase;
			buildActionMask = 2147483647;
			files = (
				CF233DAF291F24EC00413D69 /* AppUtils.swift in Sources */,
				CF233DB1291F566200413D69 /* HorizontalPaginationManager.swift in Sources */,
				CF233DAC291E3B2800413D69 /* GalleryContainerCell.swift in Sources */,
				CF233DA1291C9A0F00413D69 /* GalleryCell.swift in Sources */,
				CF233D9E291C994B00413D69 /* GalleryViewController.swift in Sources */,
				CF233D85291C96A900413D69 /* AppDelegate.swift in Sources */,
				CF233DA4291CA35D00413D69 /* GalleryModel.swift in Sources */,
				CF233D87291C96A900413D69 /* SceneDelegate.swift in Sources */,
			);
			runOnlyForDeploymentPostprocessing = 0;
		};
/* End PBXSourcesBuildPhase section */

/* Begin PBXVariantGroup section */
		CF233D8A291C96A900413D69 /* Main.storyboard */ = {
			isa = PBXVariantGroup;
			children = (
				CF233D8B291C96A900413D69 /* Base */,
			);
			name = Main.storyboard;
			sourceTree = "<group>";
		};
		CF233D8F291C96AB00413D69 /* LaunchScreen.storyboard */ = {
			isa = PBXVariantGroup;
			children = (
				CF233D90291C96AB00413D69 /* Base */,
			);
			name = LaunchScreen.storyboard;
			sourceTree = "<group>";
		};
/* End PBXVariantGroup section */

/* Begin XCBuildConfiguration section */
		CF233D93291C96AB00413D69 /* Debug */ = {
			isa = XCBuildConfiguration;
			buildSettings = {
				ALWAYS_SEARCH_USER_PATHS = NO;
				CLANG_ANALYZER_NONNULL = YES;
				CLANG_ANALYZER_NUMBER_OBJECT_CONVERSION = YES_AGGRESSIVE;
				CLANG_CXX_LANGUAGE_STANDARD = "gnu++20";
				CLANG_ENABLE_MODULES = YES;
				CLANG_ENABLE_OBJC_ARC = YES;
				CLANG_ENABLE_OBJC_WEAK = YES;
				CLANG_WARN_BLOCK_CAPTURE_AUTORELEASING = YES;
				CLANG_WARN_BOOL_CONVERSION = YES;
				CLANG_WARN_COMMA = YES;
				CLANG_WARN_CONSTANT_CONVERSION = YES;
				CLANG_WARN_DEPRECATED_OBJC_IMPLEMENTATIONS = YES;
				CLANG_WARN_DIRECT_OBJC_ISA_USAGE = YES_ERROR;
				CLANG_WARN_DOCUMENTATION_COMMENTS = YES;
				CLANG_WARN_EMPTY_BODY = YES;
				CLANG_WARN_ENUM_CONVERSION = YES;
				CLANG_WARN_INFINITE_RECURSION = YES;
				CLANG_WARN_INT_CONVERSION = YES;
				CLANG_WARN_NON_LITERAL_NULL_CONVERSION = YES;
				CLANG_WARN_OBJC_IMPLICIT_RETAIN_SELF = YES;
				CLANG_WARN_OBJC_LITERAL_CONVERSION = YES;
				CLANG_WARN_OBJC_ROOT_CLASS = YES_ERROR;
				CLANG_WARN_QUOTED_INCLUDE_IN_FRAMEWORK_HEADER = YES;
				CLANG_WARN_RANGE_LOOP_ANALYSIS = YES;
				CLANG_WARN_STRICT_PROTOTYPES = YES;
				CLANG_WARN_SUSPICIOUS_MOVE = YES;
				CLANG_WARN_UNGUARDED_AVAILABILITY = YES_AGGRESSIVE;
				CLANG_WARN_UNREACHABLE_CODE = YES;
				CLANG_WARN__DUPLICATE_METHOD_MATCH = YES;
				COPY_PHASE_STRIP = NO;
				DEBUG_INFORMATION_FORMAT = dwarf;
				ENABLE_STRICT_OBJC_MSGSEND = YES;
				ENABLE_TESTABILITY = YES;
				GCC_C_LANGUAGE_STANDARD = gnu11;
				GCC_DYNAMIC_NO_PIC = NO;
				GCC_NO_COMMON_BLOCKS = YES;
				GCC_OPTIMIZATION_LEVEL = 0;
				GCC_PREPROCESSOR_DEFINITIONS = (
					"DEBUG=1",
					"$(inherited)",
				);
				GCC_WARN_64_TO_32_BIT_CONVERSION = YES;
				GCC_WARN_ABOUT_RETURN_TYPE = YES_ERROR;
				GCC_WARN_UNDECLARED_SELECTOR = YES;
				GCC_WARN_UNINITIALIZED_AUTOS = YES_AGGRESSIVE;
				GCC_WARN_UNUSED_FUNCTION = YES;
				GCC_WARN_UNUSED_VARIABLE = YES;
				IPHONEOS_DEPLOYMENT_TARGET = 16.0;
				MTL_ENABLE_DEBUG_INFO = INCLUDE_SOURCE;
				MTL_FAST_MATH = YES;
				ONLY_ACTIVE_ARCH = YES;
				SDKROOT = iphoneos;
				SWIFT_ACTIVE_COMPILATION_CONDITIONS = DEBUG;
				SWIFT_OPTIMIZATION_LEVEL = "-Onone";
			};
			name = Debug;
		};
		CF233D94291C96AB00413D69 /* Release */ = {
			isa = XCBuildConfiguration;
			buildSettings = {
				ALWAYS_SEARCH_USER_PATHS = NO;
				CLANG_ANALYZER_NONNULL = YES;
				CLANG_ANALYZER_NUMBER_OBJECT_CONVERSION = YES_AGGRESSIVE;
				CLANG_CXX_LANGUAGE_STANDARD = "gnu++20";
				CLANG_ENABLE_MODULES = YES;
				CLANG_ENABLE_OBJC_ARC = YES;
				CLANG_ENABLE_OBJC_WEAK = YES;
				CLANG_WARN_BLOCK_CAPTURE_AUTORELEASING = YES;
				CLANG_WARN_BOOL_CONVERSION = YES;
				CLANG_WARN_COMMA = YES;
				CLANG_WARN_CONSTANT_CONVERSION = YES;
				CLANG_WARN_DEPRECATED_OBJC_IMPLEMENTATIONS = YES;
				CLANG_WARN_DIRECT_OBJC_ISA_USAGE = YES_ERROR;
				CLANG_WARN_DOCUMENTATION_COMMENTS = YES;
				CLANG_WARN_EMPTY_BODY = YES;
				CLANG_WARN_ENUM_CONVERSION = YES;
				CLANG_WARN_INFINITE_RECURSION = YES;
				CLANG_WARN_INT_CONVERSION = YES;
				CLANG_WARN_NON_LITERAL_NULL_CONVERSION = YES;
				CLANG_WARN_OBJC_IMPLICIT_RETAIN_SELF = YES;
				CLANG_WARN_OBJC_LITERAL_CONVERSION = YES;
				CLANG_WARN_OBJC_ROOT_CLASS = YES_ERROR;
				CLANG_WARN_QUOTED_INCLUDE_IN_FRAMEWORK_HEADER = YES;
				CLANG_WARN_RANGE_LOOP_ANALYSIS = YES;
				CLANG_WARN_STRICT_PROTOTYPES = YES;
				CLANG_WARN_SUSPICIOUS_MOVE = YES;
				CLANG_WARN_UNGUARDED_AVAILABILITY = YES_AGGRESSIVE;
				CLANG_WARN_UNREACHABLE_CODE = YES;
				CLANG_WARN__DUPLICATE_METHOD_MATCH = YES;
				COPY_PHASE_STRIP = NO;
				DEBUG_INFORMATION_FORMAT = "dwarf-with-dsym";
				ENABLE_NS_ASSERTIONS = NO;
				ENABLE_STRICT_OBJC_MSGSEND = YES;
				GCC_C_LANGUAGE_STANDARD = gnu11;
				GCC_NO_COMMON_BLOCKS = YES;
				GCC_WARN_64_TO_32_BIT_CONVERSION = YES;
				GCC_WARN_ABOUT_RETURN_TYPE = YES_ERROR;
				GCC_WARN_UNDECLARED_SELECTOR = YES;
				GCC_WARN_UNINITIALIZED_AUTOS = YES_AGGRESSIVE;
				GCC_WARN_UNUSED_FUNCTION = YES;
				GCC_WARN_UNUSED_VARIABLE = YES;
				IPHONEOS_DEPLOYMENT_TARGET = 16.0;
				MTL_ENABLE_DEBUG_INFO = NO;
				MTL_FAST_MATH = YES;
				SDKROOT = iphoneos;
				SWIFT_COMPILATION_MODE = wholemodule;
				SWIFT_OPTIMIZATION_LEVEL = "-O";
				VALIDATE_PRODUCT = YES;
			};
			name = Release;
		};
		CF233D96291C96AB00413D69 /* Debug */ = {
			isa = XCBuildConfiguration;
			baseConfigurationReference = 125BBA9F4954AC9E84080535 /* Pods-MeraGallery.debug.xcconfig */;
			buildSettings = {
				ASSETCATALOG_COMPILER_APPICON_NAME = AppIcon;
				ASSETCATALOG_COMPILER_GLOBAL_ACCENT_COLOR_NAME = AccentColor;
				CODE_SIGN_STYLE = Automatic;
				CURRENT_PROJECT_VERSION = 1;
				DEVELOPMENT_TEAM = 9FXKJNX593;
				GENERATE_INFOPLIST_FILE = YES;
				INFOPLIST_FILE = MeraGallery/Info.plist;
				INFOPLIST_KEY_UIApplicationSupportsIndirectInputEvents = YES;
				INFOPLIST_KEY_UILaunchStoryboardName = LaunchScreen;
				INFOPLIST_KEY_UIMainStoryboardFile = Main;
				INFOPLIST_KEY_UISupportedInterfaceOrientations_iPad = "UIInterfaceOrientationPortrait UIInterfaceOrientationPortraitUpsideDown UIInterfaceOrientationLandscapeLeft UIInterfaceOrientationLandscapeRight";
				INFOPLIST_KEY_UISupportedInterfaceOrientations_iPhone = "UIInterfaceOrientationPortrait UIInterfaceOrientationLandscapeLeft UIInterfaceOrientationLandscapeRight";
				LD_RUNPATH_SEARCH_PATHS = (
					"$(inherited)",
					"@executable_path/Frameworks",
				);
				MARKETING_VERSION = 1.0;
				PRODUCT_BUNDLE_IDENTIFIER = com.minhmera.MeraGallery;
				PRODUCT_NAME = "$(TARGET_NAME)";
				SWIFT_EMIT_LOC_STRINGS = YES;
				SWIFT_VERSION = 5.0;
				TARGETED_DEVICE_FAMILY = "1,2";
			};
			name = Debug;
		};
		CF233D97291C96AB00413D69 /* Release */ = {
			isa = XCBuildConfiguration;
			baseConfigurationReference = AF45974F0CD39A6A282C1167 /* Pods-MeraGallery.release.xcconfig */;
			buildSettings = {
				ASSETCATALOG_COMPILER_APPICON_NAME = AppIcon;
				ASSETCATALOG_COMPILER_GLOBAL_ACCENT_COLOR_NAME = AccentColor;
				CODE_SIGN_STYLE = Automatic;
				CURRENT_PROJECT_VERSION = 1;
				DEVELOPMENT_TEAM = 9FXKJNX593;
				GENERATE_INFOPLIST_FILE = YES;
				INFOPLIST_FILE = MeraGallery/Info.plist;
				INFOPLIST_KEY_UIApplicationSupportsIndirectInputEvents = YES;
				INFOPLIST_KEY_UILaunchStoryboardName = LaunchScreen;
				INFOPLIST_KEY_UIMainStoryboardFile = Main;
				INFOPLIST_KEY_UISupportedInterfaceOrientations_iPad = "UIInterfaceOrientationPortrait UIInterfaceOrientationPortraitUpsideDown UIInterfaceOrientationLandscapeLeft UIInterfaceOrientationLandscapeRight";
				INFOPLIST_KEY_UISupportedInterfaceOrientations_iPhone = "UIInterfaceOrientationPortrait UIInterfaceOrientationLandscapeLeft UIInterfaceOrientationLandscapeRight";
				LD_RUNPATH_SEARCH_PATHS = (
					"$(inherited)",
					"@executable_path/Frameworks",
				);
				MARKETING_VERSION = 1.0;
				PRODUCT_BUNDLE_IDENTIFIER = com.minhmera.MeraGallery;
				PRODUCT_NAME = "$(TARGET_NAME)";
				SWIFT_EMIT_LOC_STRINGS = YES;
				SWIFT_VERSION = 5.0;
				TARGETED_DEVICE_FAMILY = "1,2";
			};
			name = Release;
		};
/* End XCBuildConfiguration section */

/* Begin XCConfigurationList section */
		CF233D7C291C96A900413D69 /* Build configuration list for PBXProject "MeraGallery" */ = {
			isa = XCConfigurationList;
			buildConfigurations = (
				CF233D93291C96AB00413D69 /* Debug */,
				CF233D94291C96AB00413D69 /* Release */,
			);
			defaultConfigurationIsVisible = 0;
			defaultConfigurationName = Release;
		};
		CF233D95291C96AB00413D69 /* Build configuration list for PBXNativeTarget "MeraGallery" */ = {
			isa = XCConfigurationList;
			buildConfigurations = (
				CF233D96291C96AB00413D69 /* Debug */,
				CF233D97291C96AB00413D69 /* Release */,
			);
			defaultConfigurationIsVisible = 0;
			defaultConfigurationName = Release;
		};
/* End XCConfigurationList section */
	};
	rootObject = CF233D79291C96A900413D69 /* Project object */;
}
